
Microsoft Visual Studio Solution File, Format Version 12.00
# Visual Studio 15
VisualStudioVersion = 15.0.26124.0
MinimumVisualStudioVersion = 15.0.26124.0
Project("{FAE04EC0-301F-11D3-BF4B-00C04F79EFBC}") = "SN.WebAPI", "SN.WebAPI\SN.WebAPI.csproj", "{524833CB-2FED-4C35-8BA8-AF959A02B70B}"
EndProject
Project("{FAE04EC0-301F-11D3-BF4B-00C04F79EFBC}") = "SN.Domain", "SN.Domain\SN.Domain.csproj", "{3FE886B6-E414-406F-A01D-644AE2E3899A}"
EndProject
Project("{FAE04EC0-301F-11D3-BF4B-00C04F79EFBC}") = "SN.Repository", "SN.Repository\SN.Repository.csproj", "{EAF6043B-C9BF-4A01-BA7D-7C18ACC82FE8}"
EndProject
Global
	GlobalSection(SolutionConfigurationPlatforms) = preSolution
		Debug|Any CPU = Debug|Any CPU
		Debug|x64 = Debug|x64
		Debug|x86 = Debug|x86
		Release|Any CPU = Release|Any CPU
		Release|x64 = Release|x64
		Release|x86 = Release|x86
	EndGlobalSection
	GlobalSection(SolutionProperties) = preSolution
		HideSolutionNode = FALSE
	EndGlobalSection
	GlobalSection(ProjectConfigurationPlatforms) = postSolution
		{524833CB-2FED-4C35-8BA8-AF959A02B70B}.Debug|Any CPU.ActiveCfg = Debug|Any CPU
		{524833CB-2FED-4C35-8BA8-AF959A02B70B}.Debug|Any CPU.Build.0 = Debug|Any CPU
		{524833CB-2FED-4C35-8BA8-AF959A02B70B}.Debug|x64.ActiveCfg = Debug|Any CPU
		{524833CB-2FED-4C35-8BA8-AF959A02B70B}.Debug|x64.Build.0 = Debug|Any CPU
		{524833CB-2FED-4C35-8BA8-AF959A02B70B}.Debug|x86.ActiveCfg = Debug|Any CPU
		{524833CB-2FED-4C35-8BA8-AF959A02B70B}.Debug|x86.Build.0 = Debug|Any CPU
		{524833CB-2FED-4C35-8BA8-AF959A02B70B}.Release|Any CPU.ActiveCfg = Release|Any CPU
		{524833CB-2FED-4C35-8BA8-AF959A02B70B}.Release|Any CPU.Build.0 = Release|Any CPU
		{524833CB-2FED-4C35-8BA8-AF959A02B70B}.Release|x64.ActiveCfg = Release|Any CPU
		{524833CB-2FED-4C35-8BA8-AF959A02B70B}.Release|x64.Build.0 = Release|Any CPU
		{524833CB-2FED-4C35-8BA8-AF959A02B70B}.Release|x86.ActiveCfg = Release|Any CPU
		{524833CB-2FED-4C35-8BA8-AF959A02B70B}.Release|x86.Build.0 = Release|Any CPU
		{76EAB896-A2F7-4033-94BD-CF7EEC25FF85}.Debug|Any CPU.ActiveCfg = Debug|Any CPU
		{76EAB896-A2F7-4033-94BD-CF7EEC25FF85}.Debug|Any CPU.Build.0 = Debug|Any CPU
		{76EAB896-A2F7-4033-94BD-CF7EEC25FF85}.Debug|x64.ActiveCfg = Debug|Any CPU
		{76EAB896-A2F7-4033-94BD-CF7EEC25FF85}.Debug|x64.Build.0 = Debug|Any CPU
		{76EAB896-A2F7-4033-94BD-CF7EEC25FF85}.Debug|x86.ActiveCfg = Debug|Any CPU
		{76EAB896-A2F7-4033-94BD-CF7EEC25FF85}.Debug|x86.Build.0 = Debug|Any CPU
		{76EAB896-A2F7-4033-94BD-CF7EEC25FF85}.Release|Any CPU.ActiveCfg = Release|Any CPU
		{76EAB896-A2F7-4033-94BD-CF7EEC25FF85}.Release|Any CPU.Build.0 = Release|Any CPU
		{76EAB896-A2F7-4033-94BD-CF7EEC25FF85}.Release|x64.ActiveCfg = Release|Any CPU
		{76EAB896-A2F7-4033-94BD-CF7EEC25FF85}.Release|x64.Build.0 = Release|Any CPU
		{76EAB896-A2F7-4033-94BD-CF7EEC25FF85}.Release|x86.ActiveCfg = Release|Any CPU
		{76EAB896-A2F7-4033-94BD-CF7EEC25FF85}.Release|x86.Build.0 = Release|Any CPU
		{7408758F-99F0-465A-91F8-84C57E292D9D}.Debug|Any CPU.ActiveCfg = Debug|Any CPU
		{7408758F-99F0-465A-91F8-84C57E292D9D}.Debug|Any CPU.Build.0 = Debug|Any CPU
		{7408758F-99F0-465A-91F8-84C57E292D9D}.Debug|x64.ActiveCfg = Debug|Any CPU
		{7408758F-99F0-465A-91F8-84C57E292D9D}.Debug|x64.Build.0 = Debug|Any CPU
		{7408758F-99F0-465A-91F8-84C57E292D9D}.Debug|x86.ActiveCfg = Debug|Any CPU
		{7408758F-99F0-465A-91F8-84C57E292D9D}.Debug|x86.Build.0 = Debug|Any CPU
		{7408758F-99F0-465A-91F8-84C57E292D9D}.Release|Any CPU.ActiveCfg = Release|Any CPU
		{7408758F-99F0-465A-91F8-84C57E292D9D}.Release|Any CPU.Build.0 = Release|Any CPU
		{7408758F-99F0-465A-91F8-84C57E292D9D}.Release|x64.ActiveCfg = Release|Any CPU
		{7408758F-99F0-465A-91F8-84C57E292D9D}.Release|x64.Build.0 = Release|Any CPU
		{7408758F-99F0-465A-91F8-84C57E292D9D}.Release|x86.ActiveCfg = Release|Any CPU
		{7408758F-99F0-465A-91F8-84C57E292D9D}.Release|x86.Build.0 = Release|Any CPU
		{3FE886B6-E414-406F-A01D-644AE2E3899A}.Debug|Any CPU.ActiveCfg = Debug|Any CPU
		{3FE886B6-E414-406F-A01D-644AE2E3899A}.Debug|Any CPU.Build.0 = Debug|Any CPU
		{3FE886B6-E414-406F-A01D-644AE2E3899A}.Debug|x64.ActiveCfg = Debug|Any CPU
		{3FE886B6-E414-406F-A01D-644AE2E3899A}.Debug|x64.Build.0 = Debug|Any CPU
		{3FE886B6-E414-406F-A01D-644AE2E3899A}.Debug|x86.ActiveCfg = Debug|Any CPU
		{3FE886B6-E414-406F-A01D-644AE2E3899A}.Debug|x86.Build.0 = Debug|Any CPU
		{3FE886B6-E414-406F-A01D-644AE2E3899A}.Release|Any CPU.ActiveCfg = Release|Any CPU
		{3FE886B6-E414-406F-A01D-644AE2E3899A}.Release|Any CPU.Build.0 = Release|Any CPU
		{3FE886B6-E414-406F-A01D-644AE2E3899A}.Release|x64.ActiveCfg = Release|Any CPU
		{3FE886B6-E414-406F-A01D-644AE2E3899A}.Release|x64.Build.0 = Release|Any CPU
		{3FE886B6-E414-406F-A01D-644AE2E3899A}.Release|x86.ActiveCfg = Release|Any CPU
		{3FE886B6-E414-406F-A01D-644AE2E3899A}.Release|x86.Build.0 = Release|Any CPU
		{EAF6043B-C9BF-4A01-BA7D-7C18ACC82FE8}.Debug|Any CPU.ActiveCfg = Debug|Any CPU
		{EAF6043B-C9BF-4A01-BA7D-7C18ACC82FE8}.Debug|Any CPU.Build.0 = Debug|Any CPU
		{EAF6043B-C9BF-4A01-BA7D-7C18ACC82FE8}.Debug|x64.ActiveCfg = Debug|Any CPU
		{EAF6043B-C9BF-4A01-BA7D-7C18ACC82FE8}.Debug|x64.Build.0 = Debug|Any CPU
		{EAF6043B-C9BF-4A01-BA7D-7C18ACC82FE8}.Debug|x86.ActiveCfg = Debug|Any CPU
		{EAF6043B-C9BF-4A01-BA7D-7C18ACC82FE8}.Debug|x86.Build.0 = Debug|Any CPU
		{EAF6043B-C9BF-4A01-BA7D-7C18ACC82FE8}.Release|Any CPU.ActiveCfg = Release|Any CPU
		{EAF6043B-C9BF-4A01-BA7D-7C18ACC82FE8}.Release|Any CPU.Build.0 = Release|Any CPU
		{EAF6043B-C9BF-4A01-BA7D-7C18ACC82FE8}.Release|x64.ActiveCfg = Release|Any CPU
		{EAF6043B-C9BF-4A01-BA7D-7C18ACC82FE8}.Release|x64.Build.0 = Release|Any CPU
		{EAF6043B-C9BF-4A01-BA7D-7C18ACC82FE8}.Release|x86.ActiveCfg = Release|Any CPU
		{EAF6043B-C9BF-4A01-BA7D-7C18ACC82FE8}.Release|x86.Build.0 = Release|Any CPU
	EndGlobalSection
EndGlobal
